
Microsoft Visual Studio Solution File, Format Version 12.00
# Visual Studio Version 17
VisualStudioVersion = 17.14.36518.9
MinimumVisualStudioVersion = 10.0.40219.1
Project("{FAE04EC0-301F-11D3-BF4B-00C04F79EFBC}") = "AnalisisVentas.Domian", "AnalisisVentas.Domian\AnalisisVentas.Domian.csproj", "{4E0BC6BE-4173-447D-A237-6B1658DE7704}"
EndProject
Project("{2150E333-8FDC-42A3-9474-1A3956D46DE8}") = "Core", "Core", "{0E7FAE95-54DE-4041-B06C-26810662B038}"
EndProject
Project("{FAE04EC0-301F-11D3-BF4B-00C04F79EFBC}") = "AnalisisVentas.Application", "AnalisisVentas.Application\AnalisisVentas.Application.csproj", "{D45F82FD-4714-4D8C-8879-E211A14EB2E3}"
EndProject
Project("{2150E333-8FDC-42A3-9474-1A3956D46DE8}") = "Persistencia", "Persistencia", "{02EA681E-C7D8-13C7-8484-4AC65E1B71E8}"
EndProject
Project("{FAE04EC0-301F-11D3-BF4B-00C04F79EFBC}") = "AnalisisVentas.Persistencia", "AnalisisVentas.Persistencia\AnalisisVentas.Persistencia.csproj", "{ADEE8BF7-A2AA-4272-985A-90BE5E4C0D86}"
EndProject
Project("{2150E333-8FDC-42A3-9474-1A3956D46DE8}") = "Presentacion", "Presentacion", "{E0363EA8-510F-4DD9-A608-3C3A5AE2FA9B}"
EndProject
Project("{FAE04EC0-301F-11D3-BF4B-00C04F79EFBC}") = "AnalisisVentas.wksLoadDwh", "AnalisisVentas.wksLoadDwh\AnalisisVentas.wksLoadDwh.csproj", "{0D3683B9-EE40-47BD-BB82-196CC857CCDB}"
EndProject
Project("{2150E333-8FDC-42A3-9474-1A3956D46DE8}") = "Api", "Api", "{0D5145F4-9859-4D56-B398-9BAEC325D15C}"
EndProject
Project("{FAE04EC0-301F-11D3-BF4B-00C04F79EFBC}") = "AnalisisVentas.Api", "AnalisisVentas.Api\AnalisisVentas.Api.csproj", "{2347D0DB-29B2-439D-8E8E-20036697CD2C}"
EndProject
Project("{FAE04EC0-301F-11D3-BF4B-00C04F79EFBC}") = "AnalisisVentas.web", "AnalisisVentas.web\AnalisisVentas.web.csproj", "{F975E97B-DED0-4AA8-9A5A-E0C9889C7BC0}"
EndProject
Global
	GlobalSection(SolutionConfigurationPlatforms) = preSolution
		Debug|Any CPU = Debug|Any CPU
		Release|Any CPU = Release|Any CPU
	EndGlobalSection
	GlobalSection(ProjectConfigurationPlatforms) = postSolution
		{4E0BC6BE-4173-447D-A237-6B1658DE7704}.Debug|Any CPU.ActiveCfg = Debug|Any CPU
		{4E0BC6BE-4173-447D-A237-6B1658DE7704}.Debug|Any CPU.Build.0 = Debug|Any CPU
		{4E0BC6BE-4173-447D-A237-6B1658DE7704}.Release|Any CPU.ActiveCfg = Release|Any CPU
		{4E0BC6BE-4173-447D-A237-6B1658DE7704}.Release|Any CPU.Build.0 = Release|Any CPU
		{D45F82FD-4714-4D8C-8879-E211A14EB2E3}.Debug|Any CPU.ActiveCfg = Debug|Any CPU
		{D45F82FD-4714-4D8C-8879-E211A14EB2E3}.Debug|Any CPU.Build.0 = Debug|Any CPU
		{D45F82FD-4714-4D8C-8879-E211A14EB2E3}.Release|Any CPU.ActiveCfg = Release|Any CPU
		{D45F82FD-4714-4D8C-8879-E211A14EB2E3}.Release|Any CPU.Build.0 = Release|Any CPU
		{ADEE8BF7-A2AA-4272-985A-90BE5E4C0D86}.Debug|Any CPU.ActiveCfg = Debug|Any CPU
		{ADEE8BF7-A2AA-4272-985A-90BE5E4C0D86}.Debug|Any CPU.Build.0 = Debug|Any CPU
		{ADEE8BF7-A2AA-4272-985A-90BE5E4C0D86}.Release|Any CPU.ActiveCfg = Release|Any CPU
		{ADEE8BF7-A2AA-4272-985A-90BE5E4C0D86}.Release|Any CPU.Build.0 = Release|Any CPU
		{0D3683B9-EE40-47BD-BB82-196CC857CCDB}.Debug|Any CPU.ActiveCfg = Debug|Any CPU
		{0D3683B9-EE40-47BD-BB82-196CC857CCDB}.Debug|Any CPU.Build.0 = Debug|Any CPU
		{0D3683B9-EE40-47BD-BB82-196CC857CCDB}.Release|Any CPU.ActiveCfg = Release|Any CPU
		{0D3683B9-EE40-47BD-BB82-196CC857CCDB}.Release|Any CPU.Build.0 = Release|Any CPU
		{2347D0DB-29B2-439D-8E8E-20036697CD2C}.Debug|Any CPU.ActiveCfg = Debug|Any CPU
		{2347D0DB-29B2-439D-8E8E-20036697CD2C}.Debug|Any CPU.Build.0 = Debug|Any CPU
		{2347D0DB-29B2-439D-8E8E-20036697CD2C}.Release|Any CPU.ActiveCfg = Release|Any CPU
		{2347D0DB-29B2-439D-8E8E-20036697CD2C}.Release|Any CPU.Build.0 = Release|Any CPU
		{F975E97B-DED0-4AA8-9A5A-E0C9889C7BC0}.Debug|Any CPU.ActiveCfg = Debug|Any CPU
		{F975E97B-DED0-4AA8-9A5A-E0C9889C7BC0}.Debug|Any CPU.Build.0 = Debug|Any CPU
		{F975E97B-DED0-4AA8-9A5A-E0C9889C7BC0}.Release|Any CPU.ActiveCfg = Release|Any CPU
		{F975E97B-DED0-4AA8-9A5A-E0C9889C7BC0}.Release|Any CPU.Build.0 = Release|Any CPU
	EndGlobalSection
	GlobalSection(SolutionProperties) = preSolution
		HideSolutionNode = FALSE
	EndGlobalSection
	GlobalSection(NestedProjects) = preSolution
		{4E0BC6BE-4173-447D-A237-6B1658DE7704} = {0E7FAE95-54DE-4041-B06C-26810662B038}
		{D45F82FD-4714-4D8C-8879-E211A14EB2E3} = {0E7FAE95-54DE-4041-B06C-26810662B038}
		{ADEE8BF7-A2AA-4272-985A-90BE5E4C0D86} = {02EA681E-C7D8-13C7-8484-4AC65E1B71E8}
		{0D3683B9-EE40-47BD-BB82-196CC857CCDB} = {E0363EA8-510F-4DD9-A608-3C3A5AE2FA9B}
		{2347D0DB-29B2-439D-8E8E-20036697CD2C} = {0D5145F4-9859-4D56-B398-9BAEC325D15C}
		{F975E97B-DED0-4AA8-9A5A-E0C9889C7BC0} = {E0363EA8-510F-4DD9-A608-3C3A5AE2FA9B}
	EndGlobalSection
	GlobalSection(ExtensibilityGlobals) = postSolution
		SolutionGuid = {385DBD90-6C54-488C-9C67-19856ECB4881}
	EndGlobalSection
EndGlobal
